
Microsoft Visual Studio Solution File, Format Version 12.00
# Visual Studio 15
VisualStudioVersion = 15.0.27130.2010
MinimumVisualStudioVersion = 10.0.40219.1
Project("{FAE04EC0-301F-11D3-BF4B-00C04F79EFBC}") = "MvcEntityFrameworkReportViewer", "MvcEntityFrameworkReportViewer\MvcEntityFrameworkReportViewer.csproj", "{DC9EFFD6-02C1-440B-95D8-CD7DAF61E53D}"
EndProject
Global
	GlobalSection(SolutionConfigurationPlatforms) = preSolution
		Debug|Any CPU = Debug|Any CPU
		Release|Any CPU = Release|Any CPU
	EndGlobalSection
	GlobalSection(ProjectConfigurationPlatforms) = postSolution
		{DC9EFFD6-02C1-440B-95D8-CD7DAF61E53D}.Debug|Any CPU.ActiveCfg = Debug|Any CPU
		{DC9EFFD6-02C1-440B-95D8-CD7DAF61E53D}.Debug|Any CPU.Build.0 = Debug|Any CPU
		{DC9EFFD6-02C1-440B-95D8-CD7DAF61E53D}.Release|Any CPU.ActiveCfg = Release|Any CPU
		{DC9EFFD6-02C1-440B-95D8-CD7DAF61E53D}.Release|Any CPU.Build.0 = Release|Any CPU
	EndGlobalSection
	GlobalSection(SolutionProperties) = preSolution
		HideSolutionNode = FALSE
	EndGlobalSection
	GlobalSection(ExtensibilityGlobals) = postSolution
		SolutionGuid = {A94D2216-2B8F-44F2-AA04-E09E9E89D634}
	EndGlobalSection
EndGlobal
